
Microsoft Visual Studio Solution File, Format Version 12.00
# Visual Studio Version 16
VisualStudioVersion = 16.0.31112.23
MinimumVisualStudioVersion = 10.0.40219.1
Project("{FAE04EC0-301F-11D3-BF4B-00C04F79EFBC}") = "ConsoleApp4", "ConsoleApp4\ConsoleApp4.csproj", "{52A0E319-9A4B-427B-92D1-F519E1C86EE8}"
EndProject
Global
	GlobalSection(SolutionConfigurationPlatforms) = preSolution
		Debug|Any CPU = Debug|Any CPU
		Release|Any CPU = Release|Any CPU
	EndGlobalSection
	GlobalSection(ProjectConfigurationPlatforms) = postSolution
		{52A0E319-9A4B-427B-92D1-F519E1C86EE8}.Debug|Any CPU.ActiveCfg = Debug|Any CPU
		{52A0E319-9A4B-427B-92D1-F519E1C86EE8}.Debug|Any CPU.Build.0 = Debug|Any CPU
		{52A0E319-9A4B-427B-92D1-F519E1C86EE8}.Release|Any CPU.ActiveCfg = Release|Any CPU
		{52A0E319-9A4B-427B-92D1-F519E1C86EE8}.Release|Any CPU.Build.0 = Release|Any CPU
	EndGlobalSection
	GlobalSection(SolutionProperties) = preSolution
		HideSolutionNode = FALSE
	EndGlobalSection
	GlobalSection(ExtensibilityGlobals) = postSolution
		SolutionGuid = {39CE870C-75D6-449A-ABC4-793BC31D7D75}
	EndGlobalSection
EndGlobal
